<?xml version="1.0" encoding="utf-8"?>
<Project ToolsVersion="4.0" xmlns="http://schemas.microsoft.com/developer/msbuild/2003">
  <ItemGroup>
    <Filter Include="Source Files">
      <UniqueIdentifier>{4FC737F1-C7A5-4376-A066-2A32D752A2FF}</UniqueIdentifier>
      <Extensions>cpp;c;cc;cxx;def;odl;idl;hpj;bat;asm;asmx</Extensions>
    </Filter>
    <Filter Include="Header Files">
      <UniqueIdentifier>{93995380-89BD-4b04-88EB-625FBE52EBFB}</UniqueIdentifier>
      <Extensions>h;hpp;hxx;hm;inl;inc;xsd</Extensions>
    </Filter>
    <Filter Include="Resource Files">
      <UniqueIdentifier>{67DA6AB6-F800-4c08-8B7A-83BB121AAD01}</UniqueIdentifier>
      <Extensions>rc;ico;cur;bmp;dlg;rc2;rct;bin;rgs;gif;jpg;jpeg;jpe;resx;tiff;tif;png;wav</Extensions>
    </Filter>
  </ItemGroup>
  <ItemGroup>
    <ClCompile Include="src\kernel\source\nrk.c">
      <Filter>Source Files</Filter>
    </ClCompile>
    <ClCompile Include="src\kernel\source\nrk_driver.c">
      <Filter>Source Files</Filter>
    </ClCompile>
    <ClCompile Include="src\kernel\source\nrk_error.c">
      <Filter>Source Files</Filter>
    </ClCompile>
    <ClCompile Include="src\kernel\source\nrk_events.c">
      <Filter>Source Files</Filter>
    </ClCompile>
    <ClCompile Include="src\kernel\source\nrk_idle_task.c">
      <Filter>Source Files</Filter>
    </ClCompile>
    <ClCompile Include="src\kernel\source\nrk_reserve.c">
      <Filter>Source Files</Filter>
    </ClCompile>
    <ClCompile Include="src\kernel\source\nrk_scheduler.c">
      <Filter>Source Files</Filter>
    </ClCompile>
    <ClCompile Include="src\kernel\source\nrk_stack_check.c">
      <Filter>Source Files</Filter>
    </ClCompile>
    <ClCompile Include="src\kernel\source\nrk_stats.c">
      <Filter>Source Files</Filter>
    </ClCompile>
    <ClCompile Include="src\kernel\source\nrk_sw_wdt.c">
      <Filter>Source Files</Filter>
    </ClCompile>
    <ClCompile Include="src\kernel\source\nrk_task.c">
      <Filter>Source Files</Filter>
    </ClCompile>
    <ClCompile Include="src\kernel\source\nrk_time.c">
      <Filter>Source Files</Filter>
    </ClCompile>
    <ClCompile Include="edftest\main.c">
      <Filter>Source Files</Filter>
    </ClCompile>
  </ItemGroup>
  <ItemGroup>
    <ClInclude Include="src\kernel\include\nrk.h">
      <Filter>Header Files</Filter>
    </ClInclude>
    <ClInclude Include="src\kernel\include\nrk_defs.h">
      <Filter>Header Files</Filter>
    </ClInclude>
    <ClInclude Include="src\kernel\include\nrk_driver.h">
      <Filter>Header Files</Filter>
    </ClInclude>
    <ClInclude Include="src\kernel\include\nrk_error.h">
      <Filter>Header Files</Filter>
    </ClInclude>
    <ClInclude Include="src\kernel\include\nrk_events.h">
      <Filter>Header Files</Filter>
    </ClInclude>
    <ClInclude Include="src\kernel\include\nrk_idle_task.h">
      <Filter>Header Files</Filter>
    </ClInclude>
    <ClInclude Include="src\kernel\include\nrk_includes.h">
      <Filter>Header Files</Filter>
    </ClInclude>
    <ClInclude Include="src\kernel\include\nrk_reserve.h">
      <Filter>Header Files</Filter>
    </ClInclude>
    <ClInclude Include="src\kernel\include\nrk_scheduler.h">
      <Filter>Header Files</Filter>
    </ClInclude>
    <ClInclude Include="src\kernel\include\nrk_stack_check.h">
      <Filter>Header Files</Filter>
    </ClInclude>
    <ClInclude Include="src\kernel\include\nrk_stats.h">
      <Filter>Header Files</Filter>
    </ClInclude>
    <ClInclude Include="src\kernel\include\nrk_sw_wdt.h">
      <Filter>Header Files</Filter>
    </ClInclude>
    <ClInclude Include="src\kernel\include\nrk_task.h">
      <Filter>Header Files</Filter>
    </ClInclude>
    <ClInclude Include="src\kernel\include\nrk_time.h">
      <Filter>Header Files</Filter>
    </ClInclude>
    <ClInclude Include="edftest\nrk_cfg.h">
      <Filter>Header Files</Filter>
    </ClInclude>
  </ItemGroup>
</Project>